{
  "name": "consumecalc",
  "version": "1.0.0",
  "lockfileVersion": 1,
  "requires": true,
  "dependencies": {
    "mohitcalc": {
      "version": "1.0.1",
      "resolved": "https://registry.npmjs.org/mohitcalc/-/mohitcalc-1.0.1.tgz",
      "integrity": "sha512-BOOveZ2VRDtNHQdVXeOevFsA+9AaXXP7PqHsN24HznZPv0aOzPtzbyxaQrIihpfNxETY4sjsGTaJrl4g2lzeLg=="
    }
  }
}
